{
  "name": "FiStrategyBackTester",
  "version": "1.0.0",
  "lockfileVersion": 1,
  "requires": true,
  "dependencies": {
    "ajv": {
      "version": "6.5.4",
      "resolved": "https://registry.npmjs.org/ajv/-/ajv-6.5.4.tgz",
      "integrity": "sha512-4Wyjt8+t6YszqaXnLDfMmG/8AlO5Zbcsy3ATHncCzjW/NoPzAId8AK6749Ybjmdt+kUY1gP60fCu46oDxPv/mg==",
      "requires": {
        "fast-deep-equal": "2.0.1",
        "fast-json-stable-stringify": "2.0.0",
        "json-schema-traverse": "0.4.1",
        "uri-js": "4.2.2"
      }
    },
    "ansi-regex": {
      "version": "3.0.0",
      "resolved": "https://registry.npmjs.org/ansi-regex/-/ansi-regex-3.0.0.tgz",
      "integrity": "sha1-7QMXwyIGT3lGbAKWa922Bas32Zg="
    },
    "csv": {
      "version": "3.1.0",
      "resolved": "https://registry.npmjs.org/csv/-/csv-3.1.0.tgz",
      "integrity": "sha512-SfnePMkhjljB7ehvubZESGjgrnM7V/gBe5ubZWKxeKwgmTl/HtVCdfSaGRgH/i/vG7qJaSLMpP0krNbAuunRBg==",
      "requires": {
        "csv-generate": "2.1.0",
        "csv-parse": "2.5.0",
        "csv-stringify": "3.1.1",
        "stream-transform": "1.0.2"
      }
    },
    "csv-generate": {
      "version": "2.1.0",
      "resolved": "https://registry.npmjs.org/csv-generate/-/csv-generate-2.1.0.tgz",
      "integrity": "sha512-avXXdQMta14DhePrX3yvzJHV5VEAhJQwBCwgqcZE7xyNTYGpxcUxmYvOSKQw+CisAjdpfn6/ZUNEJa2W6jDzNg=="
    },
    "csv-parse": {
      "version": "2.5.0",
      "resolved": "https://registry.npmjs.org/csv-parse/-/csv-parse-2.5.0.tgz",
      "integrity": "sha512-4OcjOJQByI0YDU5COYw9HAqjo8/MOLLmT9EKyMCXUzgvh30vS1SlMK+Ho84IH5exN44cSnrYecw/7Zpu2m4lkA=="
    },
    "csv-stringify": {
      "version": "3.1.1",
      "resolved": "https://registry.npmjs.org/csv-stringify/-/csv-stringify-3.1.1.tgz",
      "integrity": "sha512-Ni9r/BdQM2cGnWzwAP09zp12LVOAMHLJ86azNHGC7s4OUo2WidGfcM3QwYEjD8c4ELCL/a4AzfIsVCzroeys+g==",
      "requires": {
        "lodash.get": "4.4.2"
      }
    },
    "fast-deep-equal": {
      "version": "2.0.1",
      "resolved": "https://registry.npmjs.org/fast-deep-equal/-/fast-deep-equal-2.0.1.tgz",
      "integrity": "sha1-ewUhjd+WZ79/Nwv3/bLLFf3Qqkk="
    },
    "fast-json-stable-stringify": {
      "version": "2.0.0",
      "resolved": "https://registry.npmjs.org/fast-json-stable-stringify/-/fast-json-stable-stringify-2.0.0.tgz",
      "integrity": "sha1-1RQsDK7msRifh9OnYREGT4bIu/I="
    },
    "fast-stats": {
      "version": "0.0.3",
      "resolved": "https://registry.npmjs.org/fast-stats/-/fast-stats-0.0.3.tgz",
      "integrity": "sha1-ZQr5Y8P/hcSWo2EPINQM1MFkWU0="
    },
    "inherits": {
      "version": "2.0.3",
      "resolved": "https://registry.npmjs.org/inherits/-/inherits-2.0.3.tgz",
      "integrity": "sha1-Yzwsg+PaQqUC9SRmAiSA9CCCYd4="
    },
    "is-fullwidth-code-point": {
      "version": "2.0.0",
      "resolved": "https://registry.npmjs.org/is-fullwidth-code-point/-/is-fullwidth-code-point-2.0.0.tgz",
      "integrity": "sha1-o7MKXE8ZkYMWeqq5O+764937ZU8="
    },
    "json-schema-traverse": {
      "version": "0.4.1",
      "resolved": "https://registry.npmjs.org/json-schema-traverse/-/json-schema-traverse-0.4.1.tgz",
      "integrity": "sha512-xbbCH5dCYU5T8LcEhhuh7HJ88HXuW3qsI3Y0zOZFKfZEHcpWiHU/Jxzk629Brsab/mMiHQti9wMP+845RPe3Vg=="
    },
    "lodash": {
      "version": "4.17.10",
      "resolved": "https://registry.npmjs.org/lodash/-/lodash-4.17.10.tgz",
      "integrity": "sha512-UejweD1pDoXu+AD825lWwp4ZGtSwgnpZxb3JDViD7StjQz+Nb/6l093lx4OQ0foGWNRoc19mWy7BzL+UAK2iVg=="
    },
    "lodash.get": {
      "version": "4.4.2",
      "resolved": "https://registry.npmjs.org/lodash.get/-/lodash.get-4.4.2.tgz",
      "integrity": "sha1-LRd/ZS+jHpObRDjVNBSZ36OCXpk="
    },
    "minimist": {
      "version": "1.2.0",
      "resolved": "http://registry.npmjs.org/minimist/-/minimist-1.2.0.tgz",
      "integrity": "sha1-o1AIsg9BOD7sH7kU9M1d95omQoQ="
    },
    "moment": {
      "version": "2.22.2",
      "resolved": "https://registry.npmjs.org/moment/-/moment-2.22.2.tgz",
      "integrity": "sha1-PCV/mDn8DpP/UxSWMiOeuQeD/2Y="
    },
    "punycode": {
      "version": "2.1.1",
      "resolved": "https://registry.npmjs.org/punycode/-/punycode-2.1.1.tgz",
      "integrity": "sha512-XRsRjdf+j5ml+y/6GKHPZbrF/8p2Yga0JPtdqTIY2Xe5ohJPD9saDJJLPvp9+NSBprVvevdXZybnj2cv8OEd0A=="
    },
    "queue": {
      "version": "4.5.0",
      "resolved": "https://registry.npmjs.org/queue/-/queue-4.5.0.tgz",
      "integrity": "sha512-DwxpAnqJuoQa+wyDgQuwkSshkhlqIlWEvwvdAY27fDPunZ2cVJzXU4JyjY+5l7zs7oGLaYAQm4MbLOVFAHFBzA==",
      "requires": {
        "inherits": "2.0.3"
      }
    },
    "slice-ansi": {
      "version": "1.0.0",
      "resolved": "https://registry.npmjs.org/slice-ansi/-/slice-ansi-1.0.0.tgz",
      "integrity": "sha512-POqxBK6Lb3q6s047D/XsDVNPnF9Dl8JSaqe9h9lURl0OdNqy/ujDrOiIHtsqXMGbWWTIomRzAMaTyawAU//Reg==",
      "requires": {
        "is-fullwidth-code-point": "2.0.0"
      }
    },
    "stream-transform": {
      "version": "1.0.2",
      "resolved": "https://registry.npmjs.org/stream-transform/-/stream-transform-1.0.2.tgz",
      "integrity": "sha512-LNcZSF01PZ+bM0OqwPY7UHPiKoxSmLGHAcqakvh01DCU98ONEslLORdyBPdmTqjTpZSfCiaYLV4sci9y5M47oA=="
    },
    "string-width": {
      "version": "2.1.1",
      "resolved": "https://registry.npmjs.org/string-width/-/string-width-2.1.1.tgz",
      "integrity": "sha512-nOqH59deCq9SRHlxq1Aw85Jnt4w6KvLKqWVik6oA9ZklXLNIOlqg4F2yrT1MVaTjAqvVwdfeZ7w7aCvJD7ugkw==",
      "requires": {
        "is-fullwidth-code-point": "2.0.0",
        "strip-ansi": "4.0.0"
      }
    },
    "strip-ansi": {
      "version": "4.0.0",
      "resolved": "https://registry.npmjs.org/strip-ansi/-/strip-ansi-4.0.0.tgz",
      "integrity": "sha1-qEeQIusaw2iocTibY1JixQXuNo8=",
      "requires": {
        "ansi-regex": "3.0.0"
      }
    },
    "table": {
      "version": "5.1.0",
      "resolved": "https://registry.npmjs.org/table/-/table-5.1.0.tgz",
      "integrity": "sha512-e542in22ZLhD/fOIuXs/8yDZ9W61ltF8daM88rkRNtgTIct+vI2fTnAyu/Db2TCfEcI8i7mjZz6meLq0nW7TYg==",
      "requires": {
        "ajv": "6.5.4",
        "lodash": "4.17.10",
        "slice-ansi": "1.0.0",
        "string-width": "2.1.1"
      }
    },
    "uri-js": {
      "version": "4.2.2",
      "resolved": "https://registry.npmjs.org/uri-js/-/uri-js-4.2.2.tgz",
      "integrity": "sha512-KY9Frmirql91X2Qgjry0Wd4Y+YTdrdZheS8TFwvkbLWf/G5KNJDCh6pKL5OZctEW4+0Baa5idK2ZQuELRwPznQ==",
      "requires": {
        "punycode": "2.1.1"
      }
    }
  }
}
