# THIS IS AN AUTOGENERATED FILE. DO NOT EDIT THIS FILE DIRECTLY.
# yarn lockfile v1


csv-generate@^2.0.2:
  version "2.1.0"
  resolved "https://registry.yarnpkg.com/csv-generate/-/csv-generate-2.1.0.tgz#ba4bea4aa06858eae78fe16a403ef20e7cde6374"

csv-parse@^2.4.0:
  version "2.5.0"
  resolved "https://registry.yarnpkg.com/csv-parse/-/csv-parse-2.5.0.tgz#65748997ecc3719c594622db1b9ea0e2eb7d56bb"

csv-stringify@^3.0.0:
  version "3.1.1"
  resolved "https://registry.yarnpkg.com/csv-stringify/-/csv-stringify-3.1.1.tgz#3a4e180a84f9c45a6a0a0401c1b41b315b9131f0"
  dependencies:
    lodash.get "~4.4.2"

csv@^3.1.0:
  version "3.1.0"
  resolved "https://registry.yarnpkg.com/csv/-/csv-3.1.0.tgz#91ad8625e294bf37a5b366b84d01aa40b2d20f15"
  dependencies:
    csv-generate "^2.0.2"
    csv-parse "^2.4.0"
    csv-stringify "^3.0.0"
    stream-transform "^1.0.2"

fast-stats@0.0.3:
  version "0.0.3"
  resolved "https://registry.yarnpkg.com/fast-stats/-/fast-stats-0.0.3.tgz#650af963c3ff85c496a3610f20d40cd4c164594d"

lodash.get@~4.4.2:
  version "4.4.2"
  resolved "https://registry.yarnpkg.com/lodash.get/-/lodash.get-4.4.2.tgz#2d177f652fa31e939b4438d5341499dfa3825e99"

lodash@^4.17.10:
  version "4.17.10"
  resolved "https://registry.yarnpkg.com/lodash/-/lodash-4.17.10.tgz#1b7793cf7259ea38fb3661d4d38b3260af8ae4e7"

minimist@^1.2.0:
  version "1.2.0"
  resolved "http://registry.npmjs.org/minimist/-/minimist-1.2.0.tgz#a35008b20f41383eec1fb914f4cd5df79a264284"

stream-transform@^1.0.2:
  version "1.0.2"
  resolved "https://registry.yarnpkg.com/stream-transform/-/stream-transform-1.0.2.tgz#47de4d15fbc29b7e2a7e54d25e99538876f114c1"
